
Microsoft Visual Studio Solution File, Format Version 12.00
# Visual Studio Version 16
VisualStudioVersion = 16.0.28803.156
MinimumVisualStudioVersion = 10.0.40219.1
Project("{FAE04EC0-301F-11D3-BF4B-00C04F79EFBC}") = "DualityTools", "DualityTools\DualityTools.csproj", "{AFE883F3-72B4-4C7C-A1D1-44EDC09C8F6E}"
EndProject
Project("{2150E333-8FDC-42A3-9474-1A3956D46DE8}") = "Solution Items", "Solution Items", "{C1F152B1-7885-455A-8440-1D4AB3A76240}"
	ProjectSection(SolutionItems) = preProject
		DualityTools.nuspec = DualityTools.nuspec
		License.md = License.md
		Readme.md = Readme.md
	EndProjectSection
EndProject
Global
	GlobalSection(SolutionConfigurationPlatforms) = preSolution
		Debug|Any CPU = Debug|Any CPU
		Release|Any CPU = Release|Any CPU
	EndGlobalSection
	GlobalSection(ProjectConfigurationPlatforms) = postSolution
		{AFE883F3-72B4-4C7C-A1D1-44EDC09C8F6E}.Debug|Any CPU.ActiveCfg = Debug|Any CPU
		{AFE883F3-72B4-4C7C-A1D1-44EDC09C8F6E}.Debug|Any CPU.Build.0 = Debug|Any CPU
		{AFE883F3-72B4-4C7C-A1D1-44EDC09C8F6E}.Release|Any CPU.ActiveCfg = Release|Any CPU
		{AFE883F3-72B4-4C7C-A1D1-44EDC09C8F6E}.Release|Any CPU.Build.0 = Release|Any CPU
	EndGlobalSection
	GlobalSection(SolutionProperties) = preSolution
		HideSolutionNode = FALSE
	EndGlobalSection
	GlobalSection(ExtensibilityGlobals) = postSolution
		SolutionGuid = {22BCFBC7-395B-4634-80EA-0514A65F6939}
	EndGlobalSection
EndGlobal
